
Microsoft Visual Studio Solution File, Format Version 12.00
# Visual Studio Version 17
VisualStudioVersion = 17.13.35919.96
MinimumVisualStudioVersion = 10.0.40219.1
Project("{8BC9CEB8-8B4A-11D0-8D11-00A0C91BC942}") = "GamePrograming4 (Data Structure)", "GamePrograming4 (Data Structure).vcxproj", "{58B12360-F9F5-42D6-B2D1-B2B0F7AB81AC}"
EndProject
Project("{8BC9CEB8-8B4A-11D0-8D11-00A0C91BC942}") = "Ch1 Generic Programming", "..\Ch1 Generic Programming\Ch1 Generic Programming.vcxproj", "{F927DBC8-5C4F-4A9D-92B6-CAD82570253E}"
EndProject
Project("{8BC9CEB8-8B4A-11D0-8D11-00A0C91BC942}") = "Ch2 ConsoleGame GenericeExample", "..\Ch2 ConsoleGame GenericeExample\Ch2 ConsoleGame GenericeExample.vcxproj", "{01450636-22C0-4A92-9BE0-7128EDE1ACDD}"
EndProject
Project("{8BC9CEB8-8B4A-11D0-8D11-00A0C91BC942}") = "UtilityProject", "..\UtilityProject\UtilityProject.vcxproj", "{EB9FF31E-41CB-44F0-A3F5-93D6F2863A04}"
EndProject
Project("{8BC9CEB8-8B4A-11D0-8D11-00A0C91BC942}") = "Ch3 Vector", "..\Ch3 Vector\Ch3 Vector.vcxproj", "{F3476F33-1A71-4949-ADBF-78C0C0C4707C}"
EndProject
Project("{8BC9CEB8-8B4A-11D0-8D11-00A0C91BC942}") = "Ch4 MyVector", "..\Ch4 MyVector\Ch4 MyVector.vcxproj", "{C0A02B8F-D20A-48B1-8C5E-E9156157B31E}"
EndProject
Project("{8BC9CEB8-8B4A-11D0-8D11-00A0C91BC942}") = "Ch5 STL", "..\Ch5 STL\Ch5 STL.vcxproj", "{AC441A05-D6CF-4C89-B1A7-B5A09E148F79}"
EndProject
Global
	GlobalSection(SolutionConfigurationPlatforms) = preSolution
		Debug|x64 = Debug|x64
		Debug|x86 = Debug|x86
		Release|x64 = Release|x64
		Release|x86 = Release|x86
	EndGlobalSection
	GlobalSection(ProjectConfigurationPlatforms) = postSolution
		{58B12360-F9F5-42D6-B2D1-B2B0F7AB81AC}.Debug|x64.ActiveCfg = Debug|x64
		{58B12360-F9F5-42D6-B2D1-B2B0F7AB81AC}.Debug|x64.Build.0 = Debug|x64
		{58B12360-F9F5-42D6-B2D1-B2B0F7AB81AC}.Debug|x86.ActiveCfg = Debug|Win32
		{58B12360-F9F5-42D6-B2D1-B2B0F7AB81AC}.Debug|x86.Build.0 = Debug|Win32
		{58B12360-F9F5-42D6-B2D1-B2B0F7AB81AC}.Release|x64.ActiveCfg = Release|x64
		{58B12360-F9F5-42D6-B2D1-B2B0F7AB81AC}.Release|x64.Build.0 = Release|x64
		{58B12360-F9F5-42D6-B2D1-B2B0F7AB81AC}.Release|x86.ActiveCfg = Release|Win32
		{58B12360-F9F5-42D6-B2D1-B2B0F7AB81AC}.Release|x86.Build.0 = Release|Win32
		{F927DBC8-5C4F-4A9D-92B6-CAD82570253E}.Debug|x64.ActiveCfg = Debug|x64
		{F927DBC8-5C4F-4A9D-92B6-CAD82570253E}.Debug|x64.Build.0 = Debug|x64
		{F927DBC8-5C4F-4A9D-92B6-CAD82570253E}.Debug|x86.ActiveCfg = Debug|Win32
		{F927DBC8-5C4F-4A9D-92B6-CAD82570253E}.Debug|x86.Build.0 = Debug|Win32
		{F927DBC8-5C4F-4A9D-92B6-CAD82570253E}.Release|x64.ActiveCfg = Release|x64
		{F927DBC8-5C4F-4A9D-92B6-CAD82570253E}.Release|x64.Build.0 = Release|x64
		{F927DBC8-5C4F-4A9D-92B6-CAD82570253E}.Release|x86.ActiveCfg = Release|Win32
		{F927DBC8-5C4F-4A9D-92B6-CAD82570253E}.Release|x86.Build.0 = Release|Win32
		{01450636-22C0-4A92-9BE0-7128EDE1ACDD}.Debug|x64.ActiveCfg = Debug|x64
		{01450636-22C0-4A92-9BE0-7128EDE1ACDD}.Debug|x64.Build.0 = Debug|x64
		{01450636-22C0-4A92-9BE0-7128EDE1ACDD}.Debug|x86.ActiveCfg = Debug|Win32
		{01450636-22C0-4A92-9BE0-7128EDE1ACDD}.Debug|x86.Build.0 = Debug|Win32
		{01450636-22C0-4A92-9BE0-7128EDE1ACDD}.Release|x64.ActiveCfg = Release|x64
		{01450636-22C0-4A92-9BE0-7128EDE1ACDD}.Release|x64.Build.0 = Release|x64
		{01450636-22C0-4A92-9BE0-7128EDE1ACDD}.Release|x86.ActiveCfg = Release|Win32
		{01450636-22C0-4A92-9BE0-7128EDE1ACDD}.Release|x86.Build.0 = Release|Win32
		{EB9FF31E-41CB-44F0-A3F5-93D6F2863A04}.Debug|x64.ActiveCfg = Debug|x64
		{EB9FF31E-41CB-44F0-A3F5-93D6F2863A04}.Debug|x64.Build.0 = Debug|x64
		{EB9FF31E-41CB-44F0-A3F5-93D6F2863A04}.Debug|x86.ActiveCfg = Debug|Win32
		{EB9FF31E-41CB-44F0-A3F5-93D6F2863A04}.Debug|x86.Build.0 = Debug|Win32
		{EB9FF31E-41CB-44F0-A3F5-93D6F2863A04}.Release|x64.ActiveCfg = Release|x64
		{EB9FF31E-41CB-44F0-A3F5-93D6F2863A04}.Release|x64.Build.0 = Release|x64
		{EB9FF31E-41CB-44F0-A3F5-93D6F2863A04}.Release|x86.ActiveCfg = Release|Win32
		{EB9FF31E-41CB-44F0-A3F5-93D6F2863A04}.Release|x86.Build.0 = Release|Win32
		{F3476F33-1A71-4949-ADBF-78C0C0C4707C}.Debug|x64.ActiveCfg = Debug|x64
		{F3476F33-1A71-4949-ADBF-78C0C0C4707C}.Debug|x64.Build.0 = Debug|x64
		{F3476F33-1A71-4949-ADBF-78C0C0C4707C}.Debug|x86.ActiveCfg = Debug|Win32
		{F3476F33-1A71-4949-ADBF-78C0C0C4707C}.Debug|x86.Build.0 = Debug|Win32
		{F3476F33-1A71-4949-ADBF-78C0C0C4707C}.Release|x64.ActiveCfg = Release|x64
		{F3476F33-1A71-4949-ADBF-78C0C0C4707C}.Release|x64.Build.0 = Release|x64
		{F3476F33-1A71-4949-ADBF-78C0C0C4707C}.Release|x86.ActiveCfg = Release|Win32
		{F3476F33-1A71-4949-ADBF-78C0C0C4707C}.Release|x86.Build.0 = Release|Win32
		{C0A02B8F-D20A-48B1-8C5E-E9156157B31E}.Debug|x64.ActiveCfg = Debug|x64
		{C0A02B8F-D20A-48B1-8C5E-E9156157B31E}.Debug|x64.Build.0 = Debug|x64
		{C0A02B8F-D20A-48B1-8C5E-E9156157B31E}.Debug|x86.ActiveCfg = Debug|Win32
		{C0A02B8F-D20A-48B1-8C5E-E9156157B31E}.Debug|x86.Build.0 = Debug|Win32
		{C0A02B8F-D20A-48B1-8C5E-E9156157B31E}.Release|x64.ActiveCfg = Release|x64
		{C0A02B8F-D20A-48B1-8C5E-E9156157B31E}.Release|x64.Build.0 = Release|x64
		{C0A02B8F-D20A-48B1-8C5E-E9156157B31E}.Release|x86.ActiveCfg = Release|Win32
		{C0A02B8F-D20A-48B1-8C5E-E9156157B31E}.Release|x86.Build.0 = Release|Win32
		{AC441A05-D6CF-4C89-B1A7-B5A09E148F79}.Debug|x64.ActiveCfg = Debug|x64
		{AC441A05-D6CF-4C89-B1A7-B5A09E148F79}.Debug|x64.Build.0 = Debug|x64
		{AC441A05-D6CF-4C89-B1A7-B5A09E148F79}.Debug|x86.ActiveCfg = Debug|Win32
		{AC441A05-D6CF-4C89-B1A7-B5A09E148F79}.Debug|x86.Build.0 = Debug|Win32
		{AC441A05-D6CF-4C89-B1A7-B5A09E148F79}.Release|x64.ActiveCfg = Release|x64
		{AC441A05-D6CF-4C89-B1A7-B5A09E148F79}.Release|x64.Build.0 = Release|x64
		{AC441A05-D6CF-4C89-B1A7-B5A09E148F79}.Release|x86.ActiveCfg = Release|Win32
		{AC441A05-D6CF-4C89-B1A7-B5A09E148F79}.Release|x86.Build.0 = Release|Win32
	EndGlobalSection
	GlobalSection(SolutionProperties) = preSolution
		HideSolutionNode = FALSE
	EndGlobalSection
	GlobalSection(ExtensibilityGlobals) = postSolution
		SolutionGuid = {66F06B49-3D0E-441E-ADDA-15A60CE02315}
	EndGlobalSection
EndGlobal
