
Microsoft Visual Studio Solution File, Format Version 12.00
# Visual Studio Version 17
VisualStudioVersion = 17.13.35919.96
MinimumVisualStudioVersion = 10.0.40219.1
Project("{8BC9CEB8-8B4A-11D0-8D11-00A0C91BC942}") = "GamePrograming4 (Data Structure)", "GamePrograming4 (Data Structure).vcxproj", "{58B12360-F9F5-42D6-B2D1-B2B0F7AB81AC}"
EndProject
Project("{8BC9CEB8-8B4A-11D0-8D11-00A0C91BC942}") = "Ch1 Generic Programming", "..\Ch1 Generic Programming\Ch1 Generic Programming.vcxproj", "{F927DBC8-5C4F-4A9D-92B6-CAD82570253E}"
EndProject
Global
	GlobalSection(SolutionConfigurationPlatforms) = preSolution
		Debug|x64 = Debug|x64
		Debug|x86 = Debug|x86
		Release|x64 = Release|x64
		Release|x86 = Release|x86
	EndGlobalSection
	GlobalSection(ProjectConfigurationPlatforms) = postSolution
		{58B12360-F9F5-42D6-B2D1-B2B0F7AB81AC}.Debug|x64.ActiveCfg = Debug|x64
		{58B12360-F9F5-42D6-B2D1-B2B0F7AB81AC}.Debug|x64.Build.0 = Debug|x64
		{58B12360-F9F5-42D6-B2D1-B2B0F7AB81AC}.Debug|x86.ActiveCfg = Debug|Win32
		{58B12360-F9F5-42D6-B2D1-B2B0F7AB81AC}.Debug|x86.Build.0 = Debug|Win32
		{58B12360-F9F5-42D6-B2D1-B2B0F7AB81AC}.Release|x64.ActiveCfg = Release|x64
		{58B12360-F9F5-42D6-B2D1-B2B0F7AB81AC}.Release|x64.Build.0 = Release|x64
		{58B12360-F9F5-42D6-B2D1-B2B0F7AB81AC}.Release|x86.ActiveCfg = Release|Win32
		{58B12360-F9F5-42D6-B2D1-B2B0F7AB81AC}.Release|x86.Build.0 = Release|Win32
		{F927DBC8-5C4F-4A9D-92B6-CAD82570253E}.Debug|x64.ActiveCfg = Debug|x64
		{F927DBC8-5C4F-4A9D-92B6-CAD82570253E}.Debug|x64.Build.0 = Debug|x64
		{F927DBC8-5C4F-4A9D-92B6-CAD82570253E}.Debug|x86.ActiveCfg = Debug|Win32
		{F927DBC8-5C4F-4A9D-92B6-CAD82570253E}.Debug|x86.Build.0 = Debug|Win32
		{F927DBC8-5C4F-4A9D-92B6-CAD82570253E}.Release|x64.ActiveCfg = Release|x64
		{F927DBC8-5C4F-4A9D-92B6-CAD82570253E}.Release|x64.Build.0 = Release|x64
		{F927DBC8-5C4F-4A9D-92B6-CAD82570253E}.Release|x86.ActiveCfg = Release|Win32
		{F927DBC8-5C4F-4A9D-92B6-CAD82570253E}.Release|x86.Build.0 = Release|Win32
	EndGlobalSection
	GlobalSection(SolutionProperties) = preSolution
		HideSolutionNode = FALSE
	EndGlobalSection
	GlobalSection(ExtensibilityGlobals) = postSolution
		SolutionGuid = {66F06B49-3D0E-441E-ADDA-15A60CE02315}
	EndGlobalSection
EndGlobal
